
Microsoft Visual Studio Solution File, Format Version 12.00
# Visual Studio Version 16
VisualStudioVersion = 16.0.30225.117
MinimumVisualStudioVersion = 10.0.40219.1
Project("{FAE04EC0-301F-11D3-BF4B-00C04F79EFBC}") = "Azure.Storage", "Azure.Storage\Azure.Storage.csproj", "{8C6D7DA8-F81A-4DBC-AF83-171017222E54}"
EndProject
Global
	GlobalSection(SolutionConfigurationPlatforms) = preSolution
		Debug|Any CPU = Debug|Any CPU
		Release|Any CPU = Release|Any CPU
	EndGlobalSection
	GlobalSection(ProjectConfigurationPlatforms) = postSolution
		{8C6D7DA8-F81A-4DBC-AF83-171017222E54}.Debug|Any CPU.ActiveCfg = Debug|Any CPU
		{8C6D7DA8-F81A-4DBC-AF83-171017222E54}.Debug|Any CPU.Build.0 = Debug|Any CPU
		{8C6D7DA8-F81A-4DBC-AF83-171017222E54}.Release|Any CPU.ActiveCfg = Release|Any CPU
		{8C6D7DA8-F81A-4DBC-AF83-171017222E54}.Release|Any CPU.Build.0 = Release|Any CPU
	EndGlobalSection
	GlobalSection(SolutionProperties) = preSolution
		HideSolutionNode = FALSE
	EndGlobalSection
	GlobalSection(ExtensibilityGlobals) = postSolution
		SolutionGuid = {238E5855-6DF0-4772-85C0-0EF53F7A3ACF}
	EndGlobalSection
EndGlobal
